// !$*UTF8*$!
{
	archiveVersion = 1;
	classes = {
	};
	objectVersion = 46;
	objects = {

/* Begin PBXBuildFile section */
		67EB90781ACA41AE0061252B /* main.m in Sources */ = {isa = PBXBuildFile; fileRef = 67EB90771ACA41AE0061252B /* main.m */; };
		67EB907B1ACA41AE0061252B /* AppDelegate.m in Sources */ = {isa = PBXBuildFile; fileRef = 67EB907A1ACA41AE0061252B /* AppDelegate.m */; };
		67EB907E1ACA41AF0061252B /* ViewController.m in Sources */ = {isa = PBXBuildFile; fileRef = 67EB907D1ACA41AF0061252B /* ViewController.m */; };
		67EB90811ACA41AF0061252B /* Main.storyboard in Resources */ = {isa = PBXBuildFile; fileRef = 67EB907F1ACA41AF0061252B /* Main.storyboard */; };
		67EB90831ACA41AF0061252B /* Assets.xcassets in Resources */ = {isa = PBXBuildFile; fileRef = 67EB90821ACA41AF0061252B /* Assets.xcassets */; };
		67EB90861ACA41AF0061252B /* LaunchScreen.storyboard in Resources */ = {isa = PBXBuildFile; fileRef = 67EB90841ACA41AF0061252B /* LaunchScreen.storyboard */; };
		67EB90941ACA42440061252B /* LianxianView.m in Sources */ = {isa = PBXBuildFile; fileRef = 67EB90931ACA42440061252B /* LianxianView.m */; settings = {ASSET_TAGS = (); }; };
/* End PBXBuildFile section */

/* Begin PBXFileReference section */
		67EB90731ACA41AE0061252B /* LianxianDemo.app */ = {isa = PBXFileReference; explicitFileType = wrapper.application; includeInIndex = 0; path = LianxianDemo.app; sourceTree = BUILT_PRODUCTS_DIR; };
		67EB90771ACA41AE0061252B /* main.m */ = {isa = PBXFileReference; lastKnownFileType = sourcecode.c.objc; path = main.m; sourceTree = "<group>"; };
		67EB90791ACA41AE0061252B /* AppDelegate.h */ = {isa = PBXFileReference; lastKnownFileType = sourcecode.c.h; path = AppDelegate.h; sourceTree = "<group>"; };
		67EB907A1ACA41AE0061252B /* AppDelegate.m */ = {isa = PBXFileReference; lastKnownFileType = sourcecode.c.objc; path = AppDelegate.m; sourceTree = "<group>"; };
		67EB907C1ACA41AF0061252B /* ViewController.h */ = {isa = PBXFileReference; lastKnownFileType = sourcecode.c.h; path = ViewController.h; sourceTree = "<group>"; };
		67EB907D1ACA41AF0061252B /* ViewController.m */ = {isa = PBXFileReference; lastKnownFileType = sourcecode.c.objc; path = ViewController.m; sourceTree = "<group>"; };
		67EB90801ACA41AF0061252B /* Base */ = {isa = PBXFileReference; lastKnownFileType = file.storyboard; name = Base; path = Base.lproj/Main.storyboard; sourceTree = "<group>"; };
		67EB90821ACA41AF0061252B /* Assets.xcassets */ = {isa = PBXFileReference; lastKnownFileType = folder.assetcatalog; path = Assets.xcassets; sourceTree = "<group>"; };
		67EB90851ACA41AF0061252B /* Base */ = {isa = PBXFileReference; lastKnownFileType = file.storyboard; name = Base; path = Base.lproj/LaunchScreen.storyboard; sourceTree = "<group>"; };
		67EB90871ACA41AF0061252B /* Info.plist */ = {isa = PBXFileReference; lastKnownFileType = text.plist.xml; path = Info.plist; sourceTree = "<group>"; };
		67EB90921ACA42440061252B /* LianxianView.h */ = {isa = PBXFileReference; fileEncoding = 4; lastKnownFileType = sourcecode.c.h; path = LianxianView.h; sourceTree = "<group>"; };
		67EB90931ACA42440061252B /* LianxianView.m */ = {isa = PBXFileReference; fileEncoding = 4; lastKnownFileType = sourcecode.c.objc; path = LianxianView.m; sourceTree = "<group>"; };
/* End PBXFileReference section */

/* Begin PBXFrameworksBuildPhase section */
		67EB90701ACA41AE0061252B /* Frameworks */ = {
			isa = PBXFrameworksBuildPhase;
			buildActionMask = 2147483647;
			files = (
			);
			runOnlyForDeploymentPostprocessing = 0;
		};
/* End PBXFrameworksBuildPhase section */

/* Begin PBXGroup section */
		67EB906A1ACA41AE0061252B = {
			isa = PBXGroup;
			children = (
				67EB90751ACA41AE0061252B /* LianxianDemo */,
				67EB90741ACA41AE0061252B /* Products */,
			);
			sourceTree = "<group>";
		};
		67EB90741ACA41AE0061252B /* Products */ = {
			isa = PBXGroup;
			children = (
				67EB90731ACA41AE0061252B /* LianxianDemo.app */,
			);
			name = Products;
			sourceTree = "<group>";
		};
		67EB90751ACA41AE0061252B /* LianxianDemo */ = {
			isa = PBXGroup;
			children = (
				67EB90911ACA42440061252B /* lianxian */,
				67EB90791ACA41AE0061252B /* AppDelegate.h */,
				67EB907A1ACA41AE0061252B /* AppDelegate.m */,
				67EB907C1ACA41AF0061252B /* ViewController.h */,
				67EB907D1ACA41AF0061252B /* ViewController.m */,
				67EB907F1ACA41AF0061252B /* Main.storyboard */,
				67EB90821ACA41AF0061252B /* Assets.xcassets */,
				67EB90841ACA41AF0061252B /* LaunchScreen.storyboard */,
				67EB90871ACA41AF0061252B /* Info.plist */,
				67EB90761ACA41AE0061252B /* Supporting Files */,
			);
			path = LianxianDemo;
			sourceTree = "<group>";
		};
		67EB90761ACA41AE0061252B /* Supporting Files */ = {
			isa = PBXGroup;
			children = (
				67EB90771ACA41AE0061252B /* main.m */,
			);
			name = "Supporting Files";
			sourceTree = "<group>";
		};
		67EB90911ACA42440061252B /* lianxian */ = {
			isa = PBXGroup;
			children = (
				67EB90921ACA42440061252B /* LianxianView.h */,
				67EB90931ACA42440061252B /* LianxianView.m */,
			);
			path = lianxian;
			sourceTree = "<group>";
		};
/* End PBXGroup section */

/* Begin PBXNativeTarget section */
		67EB90721ACA41AE0061252B /* LianxianDemo */ = {
			isa = PBXNativeTarget;
			buildConfigurationList = 67EB908A1ACA41AF0061252B /* Build configuration list for PBXNativeTarget "LianxianDemo" */;
			buildPhases = (
				67EB906F1ACA41AE0061252B /* Sources */,
				67EB90701ACA41AE0061252B /* Frameworks */,
				67EB90711ACA41AE0061252B /* Resources */,
			);
			buildRules = (
			);
			dependencies = (
			);
			name = LianxianDemo;
			productName = LianxianDemo;
			productReference = 67EB90731ACA41AE0061252B /* LianxianDemo.app */;
			productType = "com.apple.product-type.application";
		};
/* End PBXNativeTarget section */

/* Begin PBXProject section */
		67EB906B1ACA41AE0061252B /* Project object */ = {
			isa = PBXProject;
			attributes = {
				LastUpgradeCheck = 0700;
				ORGANIZATIONNAME = tianjing;
				TargetAttributes = {
					67EB90721ACA41AE0061252B = {
						CreatedOnToolsVersion = 7.0.1;
					};
				};
			};
			buildConfigurationList = 67EB906E1ACA41AE0061252B /* Build configuration list for PBXProject "LianxianDemo" */;
			compatibilityVersion = "Xcode 3.2";
			developmentRegion = English;
			hasScannedForEncodings = 0;
			knownRegions = (
				en,
				Base,
			);
			mainGroup = 67EB906A1ACA41AE0061252B;
			productRefGroup = 67EB90741ACA41AE0061252B /* Products */;
			projectDirPath = "";
			projectRoot = "";
			targets = (
				67EB90721ACA41AE0061252B /* LianxianDemo */,
			);
		};
/* End PBXProject section */

/* Begin PBXResourcesBuildPhase section */
		67EB90711ACA41AE0061252B /* Resources */ = {
			isa = PBXResourcesBuildPhase;
			buildActionMask = 2147483647;
			files = (
				67EB90861ACA41AF0061252B /* LaunchScreen.storyboard in Resources */,
				67EB90831ACA41AF0061252B /* Assets.xcassets in Resources */,
				67EB90811ACA41AF0061252B /* Main.storyboard in Resources */,
			);
			runOnlyForDeploymentPostprocessing = 0;
		};
/* End PBXResourcesBuildPhase section */

/* Begin PBXSourcesBuildPhase section */
		67EB906F1ACA41AE0061252B /* Sources */ = {
			isa = PBXSourcesBuildPhase;
			buildActionMask = 2147483647;
			files = (
				67EB90941ACA42440061252B /* LianxianView.m in Sources */,
				67EB907E1ACA41AF0061252B /* ViewController.m in Sources */,
				67EB907B1ACA41AE0061252B /* AppDelegate.m in Sources */,
				67EB90781ACA41AE0061252B /* main.m in Sources */,
			);
			runOnlyForDeploymentPostprocessing = 0;
		};
/* End PBXSourcesBuildPhase section */

/* Begin PBXVariantGroup section */
		67EB907F1ACA41AF0061252B /* Main.storyboard */ = {
			isa = PBXVariantGroup;
			children = (
				67EB90801ACA41AF0061252B /* Base */,
			);
			name = Main.storyboard;
			sourceTree = "<group>";
		};
		67EB90841ACA41AF0061252B /* LaunchScreen.storyboard */ = {
			isa = PBXVariantGroup;
			children = (
				67EB90851ACA41AF0061252B /* Base */,
			);
			name = LaunchScreen.storyboard;
			sourceTree = "<group>";
		};
/* End PBXVariantGroup section */

/* Begin XCBuildConfiguration section */
		67EB90881ACA41AF0061252B /* Debug */ = {
			isa = XCBuildConfiguration;
			buildSettings = {
				ALWAYS_SEARCH_USER_PATHS = NO;
				CLANG_CXX_LANGUAGE_STANDARD = "gnu++0x";
				CLANG_CXX_LIBRARY = "libc++";
				CLANG_ENABLE_MODULES = YES;
				CLANG_ENABLE_OBJC_ARC = YES;
				CLANG_WARN_BOOL_CONVERSION = YES;
				CLANG_WARN_CONSTANT_CONVERSION = YES;
				CLANG_WARN_DIRECT_OBJC_ISA_USAGE = YES_ERROR;
				CLANG_WARN_EMPTY_BODY = YES;
				CLANG_WARN_ENUM_CONVERSION = YES;
				CLANG_WARN_INT_CONVERSION = YES;
				CLANG_WARN_OBJC_ROOT_CLASS = YES_ERROR;
				CLANG_WARN_UNREACHABLE_CODE = YES;
				CLANG_WARN__DUPLICATE_METHOD_MATCH = YES;
				"CODE_SIGN_IDENTITY[sdk=iphoneos*]" = "iPhone Developer";
				COPY_PHASE_STRIP = NO;
				DEBUG_INFORMATION_FORMAT = dwarf;
				ENABLE_STRICT_OBJC_MSGSEND = YES;
				ENABLE_TESTABILITY = YES;
				GCC_C_LANGUAGE_STANDARD = gnu99;
				GCC_DYNAMIC_NO_PIC = NO;
				GCC_NO_COMMON_BLOCKS = YES;
				GCC_OPTIMIZATION_LEVEL = 0;
				GCC_PREPROCESSOR_DEFINITIONS = (
					"DEBUG=1",
					"$(inherited)",
				);
				GCC_WARN_64_TO_32_BIT_CONVERSION = YES;
				GCC_WARN_ABOUT_RETURN_TYPE = YES_ERROR;
				GCC_WARN_UNDECLARED_SELECTOR = YES;
				GCC_WARN_UNINITIALIZED_AUTOS = YES_AGGRESSIVE;
				GCC_WARN_UNUSED_FUNCTION = YES;
				GCC_WARN_UNUSED_VARIABLE = YES;
				IPHONEOS_DEPLOYMENT_TARGET = 9.0;
				MTL_ENABLE_DEBUG_INFO = YES;
				ONLY_ACTIVE_ARCH = YES;
				SDKROOT = iphoneos;
			};
			name = Debug;
		};
		67EB90891ACA41AF0061252B /* Release */ = {
			isa = XCBuildConfiguration;
			buildSettings = {
				ALWAYS_SEARCH_USER_PATHS = NO;
				CLANG_CXX_LANGUAGE_STANDARD = "gnu++0x";
				CLANG_CXX_LIBRARY = "libc++";
				CLANG_ENABLE_MODULES = YES;
				CLANG_ENABLE_OBJC_ARC = YES;
				CLANG_WARN_BOOL_CONVERSION = YES;
				CLANG_WARN_CONSTANT_CONVERSION = YES;
				CLANG_WARN_DIRECT_OBJC_ISA_USAGE = YES_ERROR;
				CLANG_WARN_EMPTY_BODY = YES;
				CLANG_WARN_ENUM_CONVERSION = YES;
				CLANG_WARN_INT_CONVERSION = YES;
				CLANG_WARN_OBJC_ROOT_CLASS = YES_ERROR;
				CLANG_WARN_UNREACHABLE_CODE = YES;
				CLANG_WARN__DUPLICATE_METHOD_MATCH = YES;
				"CODE_SIGN_IDENTITY[sdk=iphoneos*]" = "iPhone Developer";
				COPY_PHASE_STRIP = NO;
				DEBUG_INFORMATION_FORMAT = "dwarf-with-dsym";
				ENABLE_NS_ASSERTIONS = NO;
				ENABLE_STRICT_OBJC_MSGSEND = YES;
				GCC_C_LANGUAGE_STANDARD = gnu99;
				GCC_NO_COMMON_BLOCKS = YES;
				GCC_WARN_64_TO_32_BIT_CONVERSION = YES;
				GCC_WARN_ABOUT_RETURN_TYPE = YES_ERROR;
				GCC_WARN_UNDECLARED_SELECTOR = YES;
				GCC_WARN_UNINITIALIZED_AUTOS = YES_AGGRESSIVE;
				GCC_WARN_UNUSED_FUNCTION = YES;
				GCC_WARN_UNUSED_VARIABLE = YES;
				IPHONEOS_DEPLOYMENT_TARGET = 9.0;
				MTL_ENABLE_DEBUG_INFO = NO;
				SDKROOT = iphoneos;
				VALIDATE_PRODUCT = YES;
			};
			name = Release;
		};
		67EB908B1ACA41AF0061252B /* Debug */ = {
			isa = XCBuildConfiguration;
			buildSettings = {
				ASSETCATALOG_COMPILER_APPICON_NAME = AppIcon;
				INFOPLIST_FILE = LianxianDemo/Info.plist;
				LD_RUNPATH_SEARCH_PATHS = "$(inherited) @executable_path/Frameworks";
				PRODUCT_BUNDLE_IDENTIFIER = TJ.LianxianDemo;
				PRODUCT_NAME = "$(TARGET_NAME)";
			};
			name = Debug;
		};
		67EB908C1ACA41AF0061252B /* Release */ = {
			isa = XCBuildConfiguration;
			buildSettings = {
				ASSETCATALOG_COMPILER_APPICON_NAME = AppIcon;
				INFOPLIST_FILE = LianxianDemo/Info.plist;
				LD_RUNPATH_SEARCH_PATHS = "$(inherited) @executable_path/Frameworks";
				PRODUCT_BUNDLE_IDENTIFIER = TJ.LianxianDemo;
				PRODUCT_NAME = "$(TARGET_NAME)";
			};
			name = Release;
		};
/* End XCBuildConfiguration section */

/* Begin XCConfigurationList section */
		67EB906E1ACA41AE0061252B /* Build configuration list for PBXProject "LianxianDemo" */ = {
			isa = XCConfigurationList;
			buildConfigurations = (
				67EB90881ACA41AF0061252B /* Debug */,
				67EB90891ACA41AF0061252B /* Release */,
			);
			defaultConfigurationIsVisible = 0;
			defaultConfigurationName = Release;
		};
		67EB908A1ACA41AF0061252B /* Build configuration list for PBXNativeTarget "LianxianDemo" */ = {
			isa = XCConfigurationList;
			buildConfigurations = (
				67EB908B1ACA41AF0061252B /* Debug */,
				67EB908C1ACA41AF0061252B /* Release */,
			);
			defaultConfigurationIsVisible = 0;
		};
/* End XCConfigurationList section */
	};
	rootObject = 67EB906B1ACA41AE0061252B /* Project object */;
}
